PODS:
  - YJThief (0.5.0):
    - YYCategories
  - YYCategories (1.0.4):
    - YYCategories/no-arc (= 1.0.4)
  - YYCategories/no-arc (1.0.4)

DEPENDENCIES:
  - YJThief (from `../`)

EXTERNAL SOURCES:
  YJThief:
    :path: "../"

SPEC CHECKSUMS:
  YJThief: a3b0a4eda635a14adeaf3d06ef2a01173225a1a2
  YYCategories: 6bcd4314c6661a561410dce4a793379ebd306abd

PODFILE CHECKSUM: c977af7c2253d4cd4cf5f2481a4a528035486312

COCOAPODS: 1.2.1
