PODS:
  - Masonry (1.0.2)
  - YJThief (0.8.0):
    - Masonry
    - YYCategories
  - YYCategories (1.0.4):
    - YYCategories/no-arc (= 1.0.4)
  - YYCategories/no-arc (1.0.4)

DEPENDENCIES:
  - YJThief (from `../`)

EXTERNAL SOURCES:
  YJThief:
    :path: "../"

SPEC CHECKSUMS:
  Masonry: 7c429b56da9d4ee0bbb3ed77a5ea710d6a5df39e
  YJThief: 3b5f2c243b7eb63be89d2b5c1d7538ae6a6fd7e2
  YYCategories: 6bcd4314c6661a561410dce4a793379ebd306abd

PODFILE CHECKSUM: c977af7c2253d4cd4cf5f2481a4a528035486312

COCOAPODS: 1.2.1
